
Microsoft Visual Studio Solution File, Format Version 12.00
# Visual Studio Version 17
VisualStudioVersion = 17.14.36915.13 d17.14
MinimumVisualStudioVersion = 10.0.40219.1
Project("{FAE04EC0-301F-11D3-BF4B-00C04F79EFBC}") = "School-Management-System", "School-Management-System\School-Management-System.csproj", "{D1945ECB-7EE9-41FC-8ADF-7ADC9A67FB98}"
EndProject
Project("{FAE04EC0-301F-11D3-BF4B-00C04F79EFBC}") = "School-Management-System.Tests", "School-Management-System.Tests\School-Management-System.Tests.csproj", "{CEC8DF14-4161-46E0-A52E-8B71804A4B53}"
EndProject
Global
	GlobalSection(SolutionConfigurationPlatforms) = preSolution
		Debug|Any CPU = Debug|Any CPU
		Release|Any CPU = Release|Any CPU
	EndGlobalSection
	GlobalSection(ProjectConfigurationPlatforms) = postSolution
		{D1945ECB-7EE9-41FC-8ADF-7ADC9A67FB98}.Debug|Any CPU.ActiveCfg = Debug|Any CPU
		{D1945ECB-7EE9-41FC-8ADF-7ADC9A67FB98}.Debug|Any CPU.Build.0 = Debug|Any CPU
		{D1945ECB-7EE9-41FC-8ADF-7ADC9A67FB98}.Release|Any CPU.ActiveCfg = Release|Any CPU
		{D1945ECB-7EE9-41FC-8ADF-7ADC9A67FB98}.Release|Any CPU.Build.0 = Release|Any CPU
		{CEC8DF14-4161-46E0-A52E-8B71804A4B53}.Debug|Any CPU.ActiveCfg = Debug|Any CPU
		{CEC8DF14-4161-46E0-A52E-8B71804A4B53}.Debug|Any CPU.Build.0 = Debug|Any CPU
		{CEC8DF14-4161-46E0-A52E-8B71804A4B53}.Release|Any CPU.ActiveCfg = Release|Any CPU
		{CEC8DF14-4161-46E0-A52E-8B71804A4B53}.Release|Any CPU.Build.0 = Release|Any CPU
	EndGlobalSection
	GlobalSection(SolutionProperties) = preSolution
		HideSolutionNode = FALSE
	EndGlobalSection
	GlobalSection(ExtensibilityGlobals) = postSolution
		SolutionGuid = {97100F36-68EF-4CCF-8EB0-343FA2740960}
	EndGlobalSection
EndGlobal
